# Exact official pkgs.k8s.io packages for the ca-06 worker upgrade cell.
schema_version: "1"
architecture: "amd64"
from_version: "1.34.0-1.1"
to_version: "1.35.0-1.1"
from_repository: "https://pkgs.k8s.io/core:/stable:/v1.34/deb"
to_repository: "https://pkgs.k8s.io/core:/stable:/v1.35/deb"
pause_image: "registry.k8s.io/pause:3.10.1"
pause_digest: "sha256:e5b941ef8f71de54dc3a13398226c269ba217d06650a21bd3afcf9d890cf1f41"
pause_image_id: "sha256:cd073f4c5f6a8e9dc6f3125ba00cf60819cae95c1ec84a1f146ee4a9cf9e803f"
pause_bundle: "kubeadm-pause-linux-amd64.tar"
workload_bundle: "kubeadm-workloads-linux-amd64.tar"
workload_nginx_image: "docker.io/library/nginx:1.29"
workload_nginx_digest: "sha256:1881968aff6f7cdcc4b888c00a11f4ce241ad7ec957e0cb4a9e19e93a3ff87ea"
workload_nginx_image_id: "sha256:5dfe511714e1fa9a9d1074193a6cc7fa0feab5d680be166336817a5fb57f4cbd"
workload_busybox_image: "docker.io/library/busybox:1.36"
workload_busybox_digest: "sha256:73aaf090f3d85aa34ee199857f03fa3a95c8ede2ffd4cc2cdb5b94e566b11662"
workload_busybox_image_id: "sha256:b116e155074440ffd9e449559433feb4cd2341eb3554b1da1c638c976e56451d"
cri_tools_from_version: "1.34.0-1.1"
cri_tools_from_file: "cri-tools_1.34.0-1.1_amd64.deb"
cri_tools_from_sha256: "90c1f4c9d602e904214fa4e6315b47687c7964a6bd1d2420e63b266233bba20c"
cri_tools_to_version: "1.35.0-1.1"
cri_tools_to_file: "cri-tools_1.35.0-1.1_amd64.deb"
cri_tools_to_sha256: "325b0d3731cb1daf210da5026a1d9ea35f5d63cab156c8817c0e136e36a60788"
kubernetes_cni_from_version: "1.7.1-1.1"
kubernetes_cni_from_file: "kubernetes-cni_1.7.1-1.1_amd64.deb"
kubernetes_cni_from_sha256: "92aff22a4f49fa27a615353215a1602033de80ed908dd1f243270163e741b78a"
kubernetes_cni_to_version: "1.8.0-1.1"
kubernetes_cni_to_file: "kubernetes-cni_1.8.0-1.1_amd64.deb"
kubernetes_cni_to_sha256: "39fbccec875ea73bda221cc6777b1344733bd81c875aa1faa5271854f9c7f9c5"
kubeadm_from_file: "kubeadm_1.34.0-1.1_amd64.deb"
kubeadm_from_sha256: "75bf44e2ea45151dee0ff001ee9a30b5a435dadb77482d24538c4dae3a81d087"
kubelet_from_file: "kubelet_1.34.0-1.1_amd64.deb"
kubelet_from_sha256: "f89e83ac22806064d30f4e50d768e98bf224aa34fbcca20b1bacca680d4ef32f"
kubectl_from_file: "kubectl_1.34.0-1.1_amd64.deb"
kubectl_from_sha256: "15f0a2d50591d3bf64c3fac9eecdef9d8cbf3f130deb4a5bf92f42f70f7ec1fb"
kubeadm_to_file: "kubeadm_1.35.0-1.1_amd64.deb"
kubeadm_to_sha256: "42038aa8c2d7125ca788c611287f38ffcd2e2b1df2d067a2263bd2f2b59a616b"
kubelet_to_file: "kubelet_1.35.0-1.1_amd64.deb"
kubelet_to_sha256: "3c86d42fdd5607afa409ace33100d9a5993285f0b8e707878e3151778231f4eb"
kubectl_to_file: "kubectl_1.35.0-1.1_amd64.deb"
kubectl_to_sha256: "94817c028e5e968b359c2d35fcf9de9150ee59a29811de26502aa8652ddb15a1"
