# Exact official pkgs.k8s.io packages for the ca-06 worker upgrade cell.
# linux/arm64 counterpart of packages.lock; selected when uname -m is aarch64/arm64.
schema_version: "1"
architecture: "arm64"
from_version: "1.34.0-1.1"
to_version: "1.35.0-1.1"
from_repository: "https://pkgs.k8s.io/core:/stable:/v1.34/deb"
to_repository: "https://pkgs.k8s.io/core:/stable:/v1.35/deb"
pause_image: "registry.k8s.io/pause:3.10.1"
pause_digest: "sha256:e9c466420bcaeede00f46ecfa0ca8cd854c549f2f13330e2723173d88f2de70f"
pause_image_id: "sha256:d7b100cd9a77ba782c5e428c8dd5a1df4a1e79d4cb6294acd7d01290ab3babbd"
pause_bundle: "kubeadm-pause-linux-arm64.tar"
workload_bundle: "kubeadm-workloads-linux-arm64.tar"
workload_nginx_image: "docker.io/library/nginx:1.29"
workload_nginx_digest: "sha256:1881968aff6f7cdcc4b888c00a11f4ce241ad7ec957e0cb4a9e19e93a3ff87ea"
workload_nginx_image_id: "sha256:8524ce6c9242ecdadb2974f0924ce4dd02f04d46915d5a0076eeccc0208cd6f8"
workload_busybox_image: "docker.io/library/busybox:1.36"
workload_busybox_digest: "sha256:73aaf090f3d85aa34ee199857f03fa3a95c8ede2ffd4cc2cdb5b94e566b11662"
workload_busybox_image_id: "sha256:b7c873bd97bdc9046fc894e0b216c8aef31e0db4c5b761fb53022e40577ab6c0"
cri_tools_from_version: "1.34.0-1.1"
cri_tools_from_file: "cri-tools_1.34.0-1.1_arm64.deb"
cri_tools_from_sha256: "7744e4b0abd9e5e484f98c8b2b6c26ed8ccef030ef2dbdc030b4ca054254b57f"
cri_tools_to_version: "1.35.0-1.1"
cri_tools_to_file: "cri-tools_1.35.0-1.1_arm64.deb"
cri_tools_to_sha256: "9aff6eea1a6c188d3e67ddf6a8600778f520fc4e1dd335d09ed206deb263b876"
kubernetes_cni_from_version: "1.7.1-1.1"
kubernetes_cni_from_file: "kubernetes-cni_1.7.1-1.1_arm64.deb"
kubernetes_cni_from_sha256: "43d59e7286450062bc56b2b09a188ef90681aa3557174f06040608ea6ad5fa42"
kubernetes_cni_to_version: "1.8.0-1.1"
kubernetes_cni_to_file: "kubernetes-cni_1.8.0-1.1_arm64.deb"
kubernetes_cni_to_sha256: "d94433cc9db66266438d48add855ae8c8dd1397e88e97f67b31384c6f4dd56de"
kubeadm_from_file: "kubeadm_1.34.0-1.1_arm64.deb"
kubeadm_from_sha256: "d890c4a2eafead87aaf4491c507bb0a36213c880ff8e2b51ced60bf5f0e82d2b"
kubelet_from_file: "kubelet_1.34.0-1.1_arm64.deb"
kubelet_from_sha256: "1ba3c6cb3fc1dfa5ffcdb45075ef46a6e6b3a14f592f0a80e777ef3d14d85aac"
kubectl_from_file: "kubectl_1.34.0-1.1_arm64.deb"
kubectl_from_sha256: "b5af839553ca6c528a8ead56ea8b62481e9d50448ea86c0926b0c7011ac66da2"
kubeadm_to_file: "kubeadm_1.35.0-1.1_arm64.deb"
kubeadm_to_sha256: "00c50e60fc3ddcb593356611a4251174e74de4d3520a88daa532061e8e33c487"
kubelet_to_file: "kubelet_1.35.0-1.1_arm64.deb"
kubelet_to_sha256: "4148459fcd7c1326cae5b9e01696a796588bdcf7fc4062b476a0868c529fc8d3"
kubectl_to_file: "kubectl_1.35.0-1.1_arm64.deb"
kubectl_to_sha256: "6f706de0d45a6037358db47dad74e5cca85fce12d666fda62d7707a9f913dffb"
