# Offline CSI lab asset lock. Keep this file as flat quoted key/value YAML.
# linux/arm64 counterpart of assets.lock; selected when uname -m is aarch64/arm64.
schema_version: "2"
source_repository: "https://github.com/kubernetes-csi/csi-driver-host-path"
source_tag: "v1.18.0"
source_commit: "cc78ee78ae23908c9e0607df2fe09c7ecfa52597"
platform: "linux/arm64"
driver_manifest: "csi-hostpath-driver.linux-arm64.yaml"
driver_manifest_sha256: "c0aa047a1225f9d8dd966a6d539389ef361133c73de94ccef388cfb9b8771e85"
image_bundle: "csi-hostpath-images-linux-arm64.tar"
hostpath_image: "registry.k8s.io/sig-storage/hostpathplugin:v1.17.1"
hostpath_digest: "sha256:a28d9a736b343381e9e73d8f795aea608df4bda40ab83807a17cf602265dba12"
hostpath_image_id: "sha256:10e75dd2f2bd1ed1b9d25d108f9fd4215ad129089341a8c708dfa1b790ba187f"
registrar_image: "registry.k8s.io/sig-storage/csi-node-driver-registrar:v2.17.0"
registrar_digest: "sha256:a2e2060fca736107daafe4958910143bd08af3f456efb1fdc8dc54a9da582b83"
registrar_image_id: "sha256:b98ccb75f056aed6106d123450a93b3b89362ff36d8d5fd4a36d84f4f0e20d04"
liveness_image: "registry.k8s.io/sig-storage/livenessprobe:v2.19.0"
liveness_digest: "sha256:94de3d3bf21334ac646e942b2411100bb38f66ea98bfb9cf43b27dd5c1fb921e"
liveness_image_id: "sha256:702feb92f34854bc56800397349124db6c4483fe59c43fe3e45adfd5140b2745"
provisioner_image: "registry.k8s.io/sig-storage/csi-provisioner:v6.3.0"
provisioner_digest: "sha256:6e755c658dff4f5270a9d0214b41d031b64c3df94d0086c0042287cc46cc0862"
provisioner_image_id: "sha256:611e36ee5ed9768df3626fd282d9ef8e70e4bf375806ec67cdf0296fb1b109bc"
attacher_image: "registry.k8s.io/sig-storage/csi-attacher:v4.12.0"
attacher_digest: "sha256:a2b51767c0f639a1b96c2197526306cd970ac038e542ac46a16d4120c0065020"
attacher_image_id: "sha256:350ee4ecfc365de622033f50c3d45ed10341ab3f7e785d840387c986bbde9a1b"
