# Offline CSI lab asset lock. Keep this file as flat quoted key/value YAML.
schema_version: "2"
source_repository: "https://github.com/kubernetes-csi/csi-driver-host-path"
source_tag: "v1.18.0"
source_commit: "cc78ee78ae23908c9e0607df2fe09c7ecfa52597"
platform: "linux/amd64"
driver_manifest: "csi-hostpath-driver.yaml"
driver_manifest_sha256: "ec855c1b9e22d8fb5702bae57051deb9ac4465639dfa272951be31f8aa2fdd61"
image_bundle: "csi-hostpath-images-linux-amd64.tar"
hostpath_image: "registry.k8s.io/sig-storage/hostpathplugin:v1.17.1"
hostpath_digest: "sha256:cf08eec6a810b81299e6342719fb77c4c4072fbd43541c30ae1a4ca47a93c326"
hostpath_image_id: "sha256:09f69e9cbcb0d5e4bca212f2a4f403127b246b93b767b24fb61bc9f4dd243858"
registrar_image: "registry.k8s.io/sig-storage/csi-node-driver-registrar:v2.17.0"
registrar_digest: "sha256:0fc05c749072bea889beffc97499f6836f74aebe351c78ff8d90d671c35f04da"
registrar_image_id: "sha256:905ecc40d0b09c1ccfe82596e1996bf8285346ef31be259080e7277429116337"
liveness_image: "registry.k8s.io/sig-storage/livenessprobe:v2.19.0"
liveness_digest: "sha256:c966d36f5353f71033c1a7b0321a9a670f8929af8740f714e455902b312a82a6"
liveness_image_id: "sha256:b6d35c6d5906de641322e3e440847ce219111a7ad5df72f0b2c6e15562c2ca9b"
provisioner_image: "registry.k8s.io/sig-storage/csi-provisioner:v6.3.0"
provisioner_digest: "sha256:54de28a6565647405647b34d092eefb4a51c7be14f29bdafc721773a5ec0600c"
provisioner_image_id: "sha256:d2554c75df37acb1f0671d9f66e395b402243cd82c778f0863d4d5361780a5d6"
attacher_image: "registry.k8s.io/sig-storage/csi-attacher:v4.12.0"
attacher_digest: "sha256:41dc0a91e103ee2e499df459526eb76ae57db0e8789385757df34fdac11e92d8"
attacher_image_id: "sha256:7272884ab4c3e4b672210d2839d599f38af7977c46b1c30594e81ce568b1967f"
